
Microsoft Visual Studio Solution File, Format Version 12.00
# Visual Studio Version 16
VisualStudioVersion = 16.0.29215.179
MinimumVisualStudioVersion = 10.0.40219.1
Project("{2150E333-8FDC-42A3-9474-1A3956D46DE8}") = "Application", "Application", "{88F84087-9611-4FED-BC4A-423442D2B88A}"
EndProject
Project("{2150E333-8FDC-42A3-9474-1A3956D46DE8}") = "Domain", "Domain", "{23E1A0B9-CB64-48DA-A617-79E59E204F2B}"
EndProject
Project("{2150E333-8FDC-42A3-9474-1A3956D46DE8}") = "Infra.Data", "Infra.Data", "{D39B5376-1ADB-44E9-9DB6-46E917FA7327}"
EndProject
Project("{2150E333-8FDC-42A3-9474-1A3956D46DE8}") = "Infra.IoC", "Infra.IoC", "{996E6A61-0ED3-430B-AFBC-E9568F6FB8C2}"
EndProject
Project("{2150E333-8FDC-42A3-9474-1A3956D46DE8}") = "Presentation", "Presentation", "{189138C5-4068-484C-B05D-084E7A6A643F}"
EndProject
Project("{9A19103F-16F7-4668-BE54-9A1E7A4F7556}") = "ChanaweeDemo.Mvc", "ChanaweeDemo.Mvc\ChanaweeDemo.Mvc.csproj", "{5036A010-9F03-453E-8491-221C11C9F12F}"
EndProject
Project("{9A19103F-16F7-4668-BE54-9A1E7A4F7556}") = "ChanaweeDemo.Domain", "ChanaweeDemo.Domain\ChanaweeDemo.Domain.csproj", "{25D33F5C-3EDE-4244-B9A7-FE7E25FADA4F}"
EndProject
Project("{9A19103F-16F7-4668-BE54-9A1E7A4F7556}") = "ChanaweeDemo.Infra.Data", "ChanaweeDemo.Infra.Data\ChanaweeDemo.Infra.Data.csproj", "{18A53CA9-F623-4474-9574-1B7AC671E349}"
EndProject
Project("{9A19103F-16F7-4668-BE54-9A1E7A4F7556}") = "ChanaweeDemo.Application", "ChanaweeDemo.Application\ChanaweeDemo.Application.csproj", "{71A56F71-F821-4A8A-83B2-9363FFEE3151}"
EndProject
Project("{9A19103F-16F7-4668-BE54-9A1E7A4F7556}") = "ChanaweeDemo.Infra.IoC", "ChanaweeDemo.Infra.IoC\ChanaweeDemo.Infra.IoC.csproj", "{6A9E5535-E40A-4E06-B184-316B3F0D4B05}"
EndProject
Project("{2150E333-8FDC-42A3-9474-1A3956D46DE8}") = "Infra.Bus", "Infra.Bus", "{7B91E0E4-54F7-4842-BA58-79E3FEA601C9}"
EndProject
Project("{9A19103F-16F7-4668-BE54-9A1E7A4F7556}") = "ChanaweeDemo.Infra.Bus", "ChanaweeDemo.Infra.Bus\ChanaweeDemo.Infra.Bus.csproj", "{D414A23F-41AA-4556-913F-CD99EF8E3A83}"
EndProject
Project("{9A19103F-16F7-4668-BE54-9A1E7A4F7556}") = "ChanaweeDemo.Domain.Core", "ChanaweeDemo.Domain.Core\ChanaweeDemo.Domain.Core.csproj", "{2BDB4245-F40B-45B9-AF05-330FDF733D28}"
EndProject
Project("{2150E333-8FDC-42A3-9474-1A3956D46DE8}") = "Api", "Api", "{BCEDA4A8-0B11-4A78-BA0C-17D7D4300121}"
EndProject
Project("{9A19103F-16F7-4668-BE54-9A1E7A4F7556}") = "ChanaweeDemo.Api", "ChanaweeDemo.Api\ChanaweeDemo.Api.csproj", "{E1C129BE-3E3D-4A02-8B74-F3B81A7792D2}"
EndProject
Project("{2150E333-8FDC-42A3-9474-1A3956D46DE8}") = "Test", "Test", "{59D3A54E-0DA1-4656-B6DD-888E502A4983}"
EndProject
Project("{FAE04EC0-301F-11D3-BF4B-00C04F79EFBC}") = "XUnitTestProject", "XUnitTestProject\XUnitTestProject.csproj", "{01A3F611-A3BA-4F2F-B7E7-F29AC8228AB2}"
EndProject
Global
	GlobalSection(SolutionConfigurationPlatforms) = preSolution
		Debug|Any CPU = Debug|Any CPU
		Release|Any CPU = Release|Any CPU
	EndGlobalSection
	GlobalSection(ProjectConfigurationPlatforms) = postSolution
		{5036A010-9F03-453E-8491-221C11C9F12F}.Debug|Any CPU.ActiveCfg = Debug|Any CPU
		{5036A010-9F03-453E-8491-221C11C9F12F}.Debug|Any CPU.Build.0 = Debug|Any CPU
		{5036A010-9F03-453E-8491-221C11C9F12F}.Release|Any CPU.ActiveCfg = Release|Any CPU
		{5036A010-9F03-453E-8491-221C11C9F12F}.Release|Any CPU.Build.0 = Release|Any CPU
		{25D33F5C-3EDE-4244-B9A7-FE7E25FADA4F}.Debug|Any CPU.ActiveCfg = Debug|Any CPU
		{25D33F5C-3EDE-4244-B9A7-FE7E25FADA4F}.Debug|Any CPU.Build.0 = Debug|Any CPU
		{25D33F5C-3EDE-4244-B9A7-FE7E25FADA4F}.Release|Any CPU.ActiveCfg = Release|Any CPU
		{25D33F5C-3EDE-4244-B9A7-FE7E25FADA4F}.Release|Any CPU.Build.0 = Release|Any CPU
		{18A53CA9-F623-4474-9574-1B7AC671E349}.Debug|Any CPU.ActiveCfg = Debug|Any CPU
		{18A53CA9-F623-4474-9574-1B7AC671E349}.Debug|Any CPU.Build.0 = Debug|Any CPU
		{18A53CA9-F623-4474-9574-1B7AC671E349}.Release|Any CPU.ActiveCfg = Release|Any CPU
		{18A53CA9-F623-4474-9574-1B7AC671E349}.Release|Any CPU.Build.0 = Release|Any CPU
		{71A56F71-F821-4A8A-83B2-9363FFEE3151}.Debug|Any CPU.ActiveCfg = Debug|Any CPU
		{71A56F71-F821-4A8A-83B2-9363FFEE3151}.Debug|Any CPU.Build.0 = Debug|Any CPU
		{71A56F71-F821-4A8A-83B2-9363FFEE3151}.Release|Any CPU.ActiveCfg = Release|Any CPU
		{71A56F71-F821-4A8A-83B2-9363FFEE3151}.Release|Any CPU.Build.0 = Release|Any CPU
		{6A9E5535-E40A-4E06-B184-316B3F0D4B05}.Debug|Any CPU.ActiveCfg = Debug|Any CPU
		{6A9E5535-E40A-4E06-B184-316B3F0D4B05}.Debug|Any CPU.Build.0 = Debug|Any CPU
		{6A9E5535-E40A-4E06-B184-316B3F0D4B05}.Release|Any CPU.ActiveCfg = Release|Any CPU
		{6A9E5535-E40A-4E06-B184-316B3F0D4B05}.Release|Any CPU.Build.0 = Release|Any CPU
		{D414A23F-41AA-4556-913F-CD99EF8E3A83}.Debug|Any CPU.ActiveCfg = Debug|Any CPU
		{D414A23F-41AA-4556-913F-CD99EF8E3A83}.Debug|Any CPU.Build.0 = Debug|Any CPU
		{D414A23F-41AA-4556-913F-CD99EF8E3A83}.Release|Any CPU.ActiveCfg = Release|Any CPU
		{D414A23F-41AA-4556-913F-CD99EF8E3A83}.Release|Any CPU.Build.0 = Release|Any CPU
		{2BDB4245-F40B-45B9-AF05-330FDF733D28}.Debug|Any CPU.ActiveCfg = Debug|Any CPU
		{2BDB4245-F40B-45B9-AF05-330FDF733D28}.Debug|Any CPU.Build.0 = Debug|Any CPU
		{2BDB4245-F40B-45B9-AF05-330FDF733D28}.Release|Any CPU.ActiveCfg = Release|Any CPU
		{2BDB4245-F40B-45B9-AF05-330FDF733D28}.Release|Any CPU.Build.0 = Release|Any CPU
		{E1C129BE-3E3D-4A02-8B74-F3B81A7792D2}.Debug|Any CPU.ActiveCfg = Debug|Any CPU
		{E1C129BE-3E3D-4A02-8B74-F3B81A7792D2}.Debug|Any CPU.Build.0 = Debug|Any CPU
		{E1C129BE-3E3D-4A02-8B74-F3B81A7792D2}.Release|Any CPU.ActiveCfg = Release|Any CPU
		{E1C129BE-3E3D-4A02-8B74-F3B81A7792D2}.Release|Any CPU.Build.0 = Release|Any CPU
		{01A3F611-A3BA-4F2F-B7E7-F29AC8228AB2}.Debug|Any CPU.ActiveCfg = Debug|Any CPU
		{01A3F611-A3BA-4F2F-B7E7-F29AC8228AB2}.Debug|Any CPU.Build.0 = Debug|Any CPU
		{01A3F611-A3BA-4F2F-B7E7-F29AC8228AB2}.Release|Any CPU.ActiveCfg = Release|Any CPU
		{01A3F611-A3BA-4F2F-B7E7-F29AC8228AB2}.Release|Any CPU.Build.0 = Release|Any CPU
	EndGlobalSection
	GlobalSection(SolutionProperties) = preSolution
		HideSolutionNode = FALSE
	EndGlobalSection
	GlobalSection(NestedProjects) = preSolution
		{5036A010-9F03-453E-8491-221C11C9F12F} = {189138C5-4068-484C-B05D-084E7A6A643F}
		{25D33F5C-3EDE-4244-B9A7-FE7E25FADA4F} = {23E1A0B9-CB64-48DA-A617-79E59E204F2B}
		{18A53CA9-F623-4474-9574-1B7AC671E349} = {D39B5376-1ADB-44E9-9DB6-46E917FA7327}
		{71A56F71-F821-4A8A-83B2-9363FFEE3151} = {88F84087-9611-4FED-BC4A-423442D2B88A}
		{6A9E5535-E40A-4E06-B184-316B3F0D4B05} = {996E6A61-0ED3-430B-AFBC-E9568F6FB8C2}
		{D414A23F-41AA-4556-913F-CD99EF8E3A83} = {7B91E0E4-54F7-4842-BA58-79E3FEA601C9}
		{2BDB4245-F40B-45B9-AF05-330FDF733D28} = {23E1A0B9-CB64-48DA-A617-79E59E204F2B}
		{E1C129BE-3E3D-4A02-8B74-F3B81A7792D2} = {BCEDA4A8-0B11-4A78-BA0C-17D7D4300121}
		{01A3F611-A3BA-4F2F-B7E7-F29AC8228AB2} = {59D3A54E-0DA1-4656-B6DD-888E502A4983}
	EndGlobalSection
	GlobalSection(ExtensibilityGlobals) = postSolution
		SolutionGuid = {46F3D664-2320-409D-AB8B-7C4843F97BD9}
	EndGlobalSection
EndGlobal
